# THIS IS AN AUTOGENERATED FILE. DO NOT EDIT THIS FILE DIRECTLY.
# yarn lockfile v1


get-ssl-certificate-next@3.0.1:
  version "3.0.1"
  resolved "https://registry.yarnpkg.com/get-ssl-certificate-next/-/get-ssl-certificate-next-3.0.1.tgz#65d9fe21513dae9f899e1056745533c27fd58d03"
  integrity sha512-bgKoXIhzRvw3xdLXMsDrdRwGZSSoUffRe5/pOWlT3Psj8kaqwIWZmmW7Lb7Y9g92MbQNTeBGk2Q0Cg89PVMfJg==
